# This file is automatically @generated by Cargo.
# It is not intended for manual editing.
version = 4

[[package]]
name = "firm_bookbuilder"
version = "0.1.0"

[[package]]
name = "firm_exchsim"
version = "0.1.0"

[[package]]
name = "firm_feedhandler"
version = "0.1.0"

[[package]]
name = "firm_ordergw"
version = "0.1.0"

[[package]]
name = "firm_riskgate"
version = "0.1.0"
dependencies = [
 "firm_exchsim",
]

[[package]]
name = "firm_stratengine"
version = "0.1.0"
dependencies = [
 "firm_bookbuilder",
]

[[package]]
name = "firm_ticktotrade"
version = "0.1.0"
dependencies = [
 "firm_feedhandler",
 "firm_ordergw",
 "firm_riskgate",
 "firm_stratengine",
]
