# This file is automatically @generated by Cargo.
# It is not intended for manual editing.
version = 4

[[package]]
name = "firm_arena"
version = "0.1.0"

[[package]]
name = "firm_feed"
version = "0.1.0"

[[package]]
name = "firm_ubench"
version = "0.1.0"

[[package]]
name = "ll_rust"
version = "0.1.0"
dependencies = [
 "firm_arena",
 "firm_feed",
 "firm_ubench",
]
